
Microsoft Visual Studio Solution File, Format Version 12.00
# Visual Studio 14
VisualStudioVersion = 14.0.25420.1
MinimumVisualStudioVersion = 10.0.40219.1
Project("{FAE04EC0-301F-11D3-BF4B-00C04F79EFBC}") = "FinanceLibrary", "FinanceLibrary\FinanceLibrary.csproj", "{FA8AABF8-FE6C-46BF-B743-979813FC0F79}"
EndProject
Project("{FAE04EC0-301F-11D3-BF4B-00C04F79EFBC}") = "FinanceLibrary.Tests", "FinanceLibrary.Tests\FinanceLibrary.Tests.csproj", "{ABB9C9BC-228C-4B3C-BCBB-AA180348CA32}"
EndProject
Global
	GlobalSection(SolutionConfigurationPlatforms) = preSolution
		Debug|Any CPU = Debug|Any CPU
		Release|Any CPU = Release|Any CPU
	EndGlobalSection
	GlobalSection(ProjectConfigurationPlatforms) = postSolution
		{FA8AABF8-FE6C-46BF-B743-979813FC0F79}.Debug|Any CPU.ActiveCfg = Debug|Any CPU
		{FA8AABF8-FE6C-46BF-B743-979813FC0F79}.Debug|Any CPU.Build.0 = Debug|Any CPU
		{FA8AABF8-FE6C-46BF-B743-979813FC0F79}.Release|Any CPU.ActiveCfg = Release|Any CPU
		{FA8AABF8-FE6C-46BF-B743-979813FC0F79}.Release|Any CPU.Build.0 = Release|Any CPU
		{ABB9C9BC-228C-4B3C-BCBB-AA180348CA32}.Debug|Any CPU.ActiveCfg = Debug|Any CPU
		{ABB9C9BC-228C-4B3C-BCBB-AA180348CA32}.Debug|Any CPU.Build.0 = Debug|Any CPU
		{ABB9C9BC-228C-4B3C-BCBB-AA180348CA32}.Release|Any CPU.ActiveCfg = Release|Any CPU
		{ABB9C9BC-228C-4B3C-BCBB-AA180348CA32}.Release|Any CPU.Build.0 = Release|Any CPU
	EndGlobalSection
	GlobalSection(SolutionProperties) = preSolution
		HideSolutionNode = FALSE
	EndGlobalSection
EndGlobal
